{
  "name": "gameNetworkTest1",
  "lockfileVersion": 2,
  "requires": true,
  "packages": {
    "": {
      "dependencies": {
        "kaboom": "^2000.0.0-beta.19"
      }
    },
    "node_modules/kaboom": {
      "version": "2000.0.0-beta.19",
      "resolved": "https://registry.npmjs.org/kaboom/-/kaboom-2000.0.0-beta.19.tgz",
      "integrity": "sha512-n58neJMWp3/53ZtGre+hnHl8zgZopx7oF9fBqS+u0Vhd1SYIrq8vDV40r5s+FSGeEipPNDs3bRrYSnONf2kpVw=="
    }
  },
  "dependencies": {
    "kaboom": {
      "version": "2000.0.0-beta.19",
      "resolved": "https://registry.npmjs.org/kaboom/-/kaboom-2000.0.0-beta.19.tgz",
      "integrity": "sha512-n58neJMWp3/53ZtGre+hnHl8zgZopx7oF9fBqS+u0Vhd1SYIrq8vDV40r5s+FSGeEipPNDs3bRrYSnONf2kpVw=="
    }
  }
}
