{
  "name": "n-igma",
  "version": "1.0.0",
  "lockfileVersion": 2,
  "requires": true,
  "packages": {
    "": {
      "name": "n-igma",
      "version": "1.0.0",
      "license": "ISC",
      "dependencies": {
        "kaboom": "^2000.0.0-beta.19",
        "node.js": "^0.0.1-security"
      }
    },
    "node_modules/kaboom": {
      "version": "2000.0.0-beta.19",
      "resolved": "https://registry.npmjs.org/kaboom/-/kaboom-2000.0.0-beta.19.tgz",
      "integrity": "sha512-n58neJMWp3/53ZtGre+hnHl8zgZopx7oF9fBqS+u0Vhd1SYIrq8vDV40r5s+FSGeEipPNDs3bRrYSnONf2kpVw=="
    },
    "node_modules/node.js": {
      "version": "0.0.1-security",
      "resolved": "https://registry.npmjs.org/node.js/-/node.js-0.0.1-security.tgz",
      "integrity": "sha512-8tWQiyg/3ggdLTrtfgj/NxmZpC20eB1U5VNkqt2dbelpcr3NrfjpEE3DgifpBOCJ4Xu9Obvu8iju63ViQW3Hvg=="
    }
  },
  "dependencies": {
    "kaboom": {
      "version": "2000.0.0-beta.19",
      "resolved": "https://registry.npmjs.org/kaboom/-/kaboom-2000.0.0-beta.19.tgz",
      "integrity": "sha512-n58neJMWp3/53ZtGre+hnHl8zgZopx7oF9fBqS+u0Vhd1SYIrq8vDV40r5s+FSGeEipPNDs3bRrYSnONf2kpVw=="
    },
    "node.js": {
      "version": "0.0.1-security",
      "resolved": "https://registry.npmjs.org/node.js/-/node.js-0.0.1-security.tgz",
      "integrity": "sha512-8tWQiyg/3ggdLTrtfgj/NxmZpC20eB1U5VNkqt2dbelpcr3NrfjpEE3DgifpBOCJ4Xu9Obvu8iju63ViQW3Hvg=="
    }
  }
}
